
Microsoft Visual Studio Solution File, Format Version 12.00
# Visual Studio Version 16
VisualStudioVersion = 16.0.30225.117
MinimumVisualStudioVersion = 10.0.40219.1
Project("{FAE04EC0-301F-11D3-BF4B-00C04F79EFBC}") = "FastFoodShop", "FastFoodShop\FastFoodShop.csproj", "{CA551119-BBB1-4EA4-86EA-23C745184DD5}"
EndProject
Global
	GlobalSection(SolutionConfigurationPlatforms) = preSolution
		Debug|Any CPU = Debug|Any CPU
		Release|Any CPU = Release|Any CPU
	EndGlobalSection
	GlobalSection(ProjectConfigurationPlatforms) = postSolution
		{CA551119-BBB1-4EA4-86EA-23C745184DD5}.Debug|Any CPU.ActiveCfg = Debug|Any CPU
		{CA551119-BBB1-4EA4-86EA-23C745184DD5}.Debug|Any CPU.Build.0 = Debug|Any CPU
		{CA551119-BBB1-4EA4-86EA-23C745184DD5}.Release|Any CPU.ActiveCfg = Release|Any CPU
		{CA551119-BBB1-4EA4-86EA-23C745184DD5}.Release|Any CPU.Build.0 = Release|Any CPU
	EndGlobalSection
	GlobalSection(SolutionProperties) = preSolution
		HideSolutionNode = FALSE
	EndGlobalSection
	GlobalSection(ExtensibilityGlobals) = postSolution
		SolutionGuid = {09BEC50A-8666-4220-939D-2243F7EEF76F}
	EndGlobalSection
EndGlobal
