
Microsoft Visual Studio Solution File, Format Version 12.00
# Visual Studio Version 16
VisualStudioVersion = 16.0.30225.117
MinimumVisualStudioVersion = 10.0.40219.1
Project("{FAE04EC0-301F-11D3-BF4B-00C04F79EFBC}") = "Inheritence", "Inheritence\Inheritence.csproj", "{8448466C-08F2-4CB5-91E3-3EB32CFF09FB}"
EndProject
Global
	GlobalSection(SolutionConfigurationPlatforms) = preSolution
		Debug|Any CPU = Debug|Any CPU
		Release|Any CPU = Release|Any CPU
	EndGlobalSection
	GlobalSection(ProjectConfigurationPlatforms) = postSolution
		{8448466C-08F2-4CB5-91E3-3EB32CFF09FB}.Debug|Any CPU.ActiveCfg = Debug|Any CPU
		{8448466C-08F2-4CB5-91E3-3EB32CFF09FB}.Debug|Any CPU.Build.0 = Debug|Any CPU
		{8448466C-08F2-4CB5-91E3-3EB32CFF09FB}.Release|Any CPU.ActiveCfg = Release|Any CPU
		{8448466C-08F2-4CB5-91E3-3EB32CFF09FB}.Release|Any CPU.Build.0 = Release|Any CPU
	EndGlobalSection
	GlobalSection(SolutionProperties) = preSolution
		HideSolutionNode = FALSE
	EndGlobalSection
	GlobalSection(ExtensibilityGlobals) = postSolution
		SolutionGuid = {ABA7FD7F-3327-402A-B871-FA6045897C75}
	EndGlobalSection
EndGlobal
